{
  "version": "5",
  "specifiers": {
    "jsr:@b-fuze/deno-dom@~0.1.56": "0.1.56",
    "jsr:@denosaurs/plug@1.1.0": "1.1.0",
    "jsr:@std/encoding@1": "1.0.10",
    "jsr:@std/fmt@1": "1.0.10",
    "jsr:@std/fs@1": "1.0.24",
    "jsr:@std/internal@^1.0.14": "1.0.14",
    "jsr:@std/path@1": "1.1.5",
    "jsr:@std/path@^1.1.5": "1.1.5",
    "npm:@atproto/api@~0.20.18": "0.20.18",
    "npm:tlds@^1.261.0": "1.261.0"
  },
  "jsr": {
    "@b-fuze/deno-dom@0.1.56": {
      "integrity": "8030e2dc1d8750f1682b53462ab893d9c3470f2287feecbe22f44a88c54ab148",
      "dependencies": [
        "jsr:@denosaurs/plug"
      ]
    },
    "@denosaurs/plug@1.1.0": {
      "integrity": "eb2f0b7546c7bca2000d8b0282c54d50d91cf6d75cb26a80df25a6de8c4bc044",
      "dependencies": [
        "jsr:@std/encoding",
        "jsr:@std/fmt",
        "jsr:@std/fs",
        "jsr:@std/path@1"
      ]
    },
    "@std/encoding@1.0.10": {
      "integrity": "8783c6384a2d13abd5e9e87a7ae0520a30e9f56aeeaa3bdf910a3eaaf5c811a1"
    },
    "@std/fmt@1.0.10": {
      "integrity": "90dfba288802ac6de82fb31d0917eb9e4450b9925b954d5e51fc29ac07419db5"
    },
    "@std/fs@1.0.24": {
      "integrity": "f3061b45b81673a2bece689da041df32d174be064c89eb6397fb5718d3fb7877",
      "dependencies": [
        "jsr:@std/internal",
        "jsr:@std/path@^1.1.5"
      ]
    },
    "@std/internal@1.0.14": {
      "integrity": "291516b3d4c35024d6ffbc0a9df5bf4c64116e05b50012cf846710152d2ffdf7"
    },
    "@std/path@1.1.5": {
      "integrity": "ccea00982ea28c36becaf6e62f855406c76a8c32d462f66f415bbb7d83a271bc",
      "dependencies": [
        "jsr:@std/internal"
      ]
    }
  },
  "npm": {
    "@atproto/api@0.20.18": {
      "integrity": "sha512-JaU5uCvfusHD88uBFBtYpdKIhSo7AWx2NscRAPHdDJP6pLKhzPAJ4sVPOunrXahr0/f37QmPlFToajqV5XpPTw==",
      "dependencies": [
        "@atproto/common-web",
        "@atproto/lexicon",
        "@atproto/syntax",
        "@atproto/xrpc",
        "await-lock",
        "multiformats",
        "tlds",
        "zod"
      ]
    },
    "@atproto/common-web@0.5.1": {
      "integrity": "sha512-nru02gLyzjMQn4ZFgms9ry3kIAKwMaCAvjeFhB9mU6h1ABiSho7aRDbGvnU50CC88TROXuZlgRiEkBjnuiHEtA==",
      "dependencies": [
        "@atproto/lex-data",
        "@atproto/lex-json",
        "@atproto/syntax",
        "zod"
      ]
    },
    "@atproto/lex-data@0.1.2": {
      "integrity": "sha512-NZ4iZvNaqTM6pz+9VRDyEjtozrrf2EDHySNi3Xa8PCzS8gRMCvsnnsvM7r264v4eSqNIDhBB8fr9hfWCHMspXg==",
      "dependencies": [
        "multiformats",
        "tslib",
        "uint8arrays",
        "unicode-segmenter"
      ]
    },
    "@atproto/lex-json@0.1.1": {
      "integrity": "sha512-FC/NsKHm8TDzWikvf/268T3mMAh6+f31yfCApWC3SvrhWc9c06cSYPp7qzpXcdV0OdB+I5dqHScuTB5OC7HrXg==",
      "dependencies": [
        "@atproto/lex-data",
        "tslib"
      ]
    },
    "@atproto/lexicon@0.7.2": {
      "integrity": "sha512-LVZcTr5+9Qh0okZnNmfRiIDPfbL/6rRxf4goiQxPxwDzaeUDhn4M209i1drmiitbCO1qRLJA2hHF54yNA75Cig==",
      "dependencies": [
        "@atproto/common-web",
        "@atproto/syntax",
        "multiformats",
        "zod"
      ]
    },
    "@atproto/syntax@0.6.2": {
      "integrity": "sha512-h3njTNFl/jv5kTbDqfamQGOJfGbulqLDuAiLbasKwVdBhFyQanpRLa6vE2WqTwv1XEFWLYNMH0KCVsYwT2+aww==",
      "dependencies": [
        "iso-datestring-validator",
        "tslib"
      ]
    },
    "@atproto/xrpc@0.8.1": {
      "integrity": "sha512-sKopRG3an6LN6NfHnRNIEX1fBx3CRtxbNFWQxyse2f86wMcTuXM+/+olN4lVXgFQgv4AWvKTxRXWyuIF2G4YxQ==",
      "dependencies": [
        "@atproto/lexicon",
        "zod"
      ]
    },
    "await-lock@3.0.0": {
      "integrity": "sha512-eO6fLiSnrJrMdjWMNK8zbVRXPs2TKJg78iKZd9wDpN3na5tcoV6EoeiOlMgk2QaAQ1gIrK1YuMsJHXWqz89tSA=="
    },
    "iso-datestring-validator@2.2.2": {
      "integrity": "sha512-yLEMkBbLZTlVQqOnQ4FiMujR6T4DEcCb1xizmvXS+OxuhwcbtynoosRzdMA69zZCShCNAbi+gJ71FxZBBXx1SA=="
    },
    "multiformats@13.4.2": {
      "integrity": "sha512-eh6eHCrRi1+POZ3dA+Dq1C6jhP1GNtr9CRINMb67OKzqW9I5DUuZM/3jLPlzhgpGeiNUlEGEbkCYChXMCc/8DQ=="
    },
    "tlds@1.261.0": {
      "integrity": "sha512-QXqwfEl9ddlGBaRFXIvNKK6OhipSiLXuRuLJX5DErz0o0Q0rYxulWLdFryTkV5PkdZct5iMInwYEGe/eR++1AA==",
      "bin": true
    },
    "tslib@2.8.1": {
      "integrity": "sha512-oJFu94HQb+KVduSUQL7wnpmqnfmLsOA/nAh6b6EH0wCEoK0/mPeXU6c3wKDV83MkOuHPRHtSXKKU99IBazS/2w=="
    },
    "uint8arrays@5.1.1": {
      "integrity": "sha512-9muQwa4wZG4dKi9gMAIBtnk2Pw87SRpvWTH6lOGm19V2Uqxr4uomUf2PGqPnWc+qs06sN8owUU4jfcoWOcfwVQ==",
      "dependencies": [
        "multiformats"
      ]
    },
    "unicode-segmenter@0.14.5": {
      "integrity": "sha512-jHGmj2LUuqDcX3hqY12Ql+uhUTn8huuxNZGq7GvtF6bSybzH3aFgedYu/KTzQStEgt1Ra2F3HxadNXsNjb3m3g=="
    },
    "zod@3.25.76": {
      "integrity": "sha512-gzUt/qt81nXsFGKIFcC3YnfEAx5NkunCfnDlvuBSSFS02bcXu4Lmea0AFIUwbLWxWPx3d9p8S5QoaujKcNQxcQ=="
    }
  },
  "workspace": {
    "dependencies": [
      "jsr:@b-fuze/deno-dom@~0.1.56",
      "npm:@atproto/api@~0.20.18",
      "npm:tlds@^1.261.0"
    ]
  }
}
